// !$*UTF8*$!
{
	archiveVersion = 1;
	classes = {
	};
	objectVersion = 56;
	objects = {

/* Begin PBXBuildFile section */
		36976E892C8C2B71001AB270 /* AppDelegate.swift in Sources */ = {isa = PBXBuildFile; fileRef = 36976E882C8C2B71001AB270 /* AppDelegate.swift */; };
		36976E8B2C8C2B71001AB270 /* SceneDelegate.swift in Sources */ = {isa = PBXBuildFile; fileRef = 36976E8A2C8C2B71001AB270 /* SceneDelegate.swift */; };
		36976E8D2C8C2B71001AB270 /* ViewController.swift in Sources */ = {isa = PBXBuildFile; fileRef = 36976E8C2C8C2B71001AB270 /* ViewController.swift */; };
		36976E902C8C2B71001AB270 /* Base in Resources */ = {isa = PBXBuildFile; fileRef = 36976E8F2C8C2B71001AB270 /* Base */; };
		36976E922C8C2B73001AB270 /* Assets.xcassets in Resources */ = {isa = PBXBuildFile; fileRef = 36976E912C8C2B73001AB270 /* Assets.xcassets */; };
		36976E952C8C2B73001AB270 /* Base in Resources */ = {isa = PBXBuildFile; fileRef = 36976E942C8C2B73001AB270 /* Base */; };
		36976EA52C8C615E001AB270 /* Settings.bundle in Resources */ = {isa = PBXBuildFile; fileRef = 36976EA42C8C615E001AB270 /* Settings.bundle */; };
/* End PBXBuildFile section */

/* Begin PBXFileReference section */
		36976E852C8C2B71001AB270 /* rtbbamap_sample.app */ = {isa = PBXFileReference; explicitFileType = wrapper.application; includeInIndex = 0; path = rtbbamap_sample.app; sourceTree = BUILT_PRODUCTS_DIR; };
		36976E882C8C2B71001AB270 /* AppDelegate.swift */ = {isa = PBXFileReference; lastKnownFileType = sourcecode.swift; path = AppDelegate.swift; sourceTree = "<group>"; };
		36976E8A2C8C2B71001AB270 /* SceneDelegate.swift */ = {isa = PBXFileReference; lastKnownFileType = sourcecode.swift; path = SceneDelegate.swift; sourceTree = "<group>"; };
		36976E8C2C8C2B71001AB270 /* ViewController.swift */ = {isa = PBXFileReference; lastKnownFileType = sourcecode.swift; path = ViewController.swift; sourceTree = "<group>"; };
		36976E8F2C8C2B71001AB270 /* Base */ = {isa = PBXFileReference; lastKnownFileType = file.storyboard; name = Base; path = Base.lproj/Main.storyboard; sourceTree = "<group>"; };
		36976E912C8C2B73001AB270 /* Assets.xcassets */ = {isa = PBXFileReference; lastKnownFileType = folder.assetcatalog; path = Assets.xcassets; sourceTree = "<group>"; };
		36976E942C8C2B73001AB270 /* Base */ = {isa = PBXFileReference; lastKnownFileType = file.storyboard; name = Base; path = Base.lproj/LaunchScreen.storyboard; sourceTree = "<group>"; };
		36976E962C8C2B73001AB270 /* Info.plist */ = {isa = PBXFileReference; lastKnownFileType = text.plist.xml; path = Info.plist; sourceTree = "<group>"; };
		36976EA42C8C615E001AB270 /* Settings.bundle */ = {isa = PBXFileReference; lastKnownFileType = "wrapper.plug-in"; path = Settings.bundle; sourceTree = "<group>"; };
		36976EA62C8C7A02001AB270 /* rtbbamap_sample-Bridging-Header.h */ = {isa = PBXFileReference; lastKnownFileType = sourcecode.c.h; path = "rtbbamap_sample-Bridging-Header.h"; sourceTree = "<group>"; };
/* End PBXFileReference section */

/* Begin PBXFrameworksBuildPhase section */
		36976E822C8C2B71001AB270 /* Frameworks */ = {
			isa = PBXFrameworksBuildPhase;
			buildActionMask = 2147483647;
			files = (
			);
			runOnlyForDeploymentPostprocessing = 0;
		};
/* End PBXFrameworksBuildPhase section */

/* Begin PBXGroup section */
		36976E7C2C8C2B71001AB270 = {
			isa = PBXGroup;
			children = (
				36976EA42C8C615E001AB270 /* Settings.bundle */,
				36976E872C8C2B71001AB270 /* rtbbamap_sample */,
				36976E862C8C2B71001AB270 /* Products */,
			);
			sourceTree = "<group>";
		};
		36976E862C8C2B71001AB270 /* Products */ = {
			isa = PBXGroup;
			children = (
				36976E852C8C2B71001AB270 /* rtbbamap_sample.app */,
			);
			name = Products;
			sourceTree = "<group>";
		};
		36976E872C8C2B71001AB270 /* rtbbamap_sample */ = {
			isa = PBXGroup;
			children = (
				36976EA62C8C7A02001AB270 /* rtbbamap_sample-Bridging-Header.h */,
				36976E882C8C2B71001AB270 /* AppDelegate.swift */,
				36976E8A2C8C2B71001AB270 /* SceneDelegate.swift */,
				36976E8C2C8C2B71001AB270 /* ViewController.swift */,
				36976E8E2C8C2B71001AB270 /* Main.storyboard */,
				36976E912C8C2B73001AB270 /* Assets.xcassets */,
				36976E932C8C2B73001AB270 /* LaunchScreen.storyboard */,
				36976E962C8C2B73001AB270 /* Info.plist */,
			);
			path = rtbbamap_sample;
			sourceTree = "<group>";
		};
/* End PBXGroup section */

/* Begin PBXNativeTarget section */
		36976E842C8C2B71001AB270 /* rtbbamap_sample */ = {
			isa = PBXNativeTarget;
			buildConfigurationList = 36976E992C8C2B73001AB270 /* Build configuration list for PBXNativeTarget "rtbbamap_sample" */;
			buildPhases = (
				36976E812C8C2B71001AB270 /* Sources */,
				36976E822C8C2B71001AB270 /* Frameworks */,
				36976E832C8C2B71001AB270 /* Resources */,
			);
			buildRules = (
			);
			dependencies = (
			);
			name = rtbbamap_sample;
			packageProductDependencies = (
			);
			productName = rtbbamap_sample;
			productReference = 36976E852C8C2B71001AB270 /* rtbbamap_sample.app */;
			productType = "com.apple.product-type.application";
		};
/* End PBXNativeTarget section */

/* Begin PBXProject section */
		36976E7D2C8C2B71001AB270 /* Project object */ = {
			isa = PBXProject;
			attributes = {
				BuildIndependentTargetsInParallel = 1;
				LastSwiftUpdateCheck = 1540;
				LastUpgradeCheck = 1540;
				TargetAttributes = {
					36976E842C8C2B71001AB270 = {
						CreatedOnToolsVersion = 15.4;
					};
				};
			};
			buildConfigurationList = 36976E802C8C2B71001AB270 /* Build configuration list for PBXProject "rtbbamap_sample" */;
			compatibilityVersion = "Xcode 14.0";
			developmentRegion = en;
			hasScannedForEncodings = 0;
			knownRegions = (
				en,
				Base,
			);
			mainGroup = 36976E7C2C8C2B71001AB270;
			packageReferences = (
			);
			productRefGroup = 36976E862C8C2B71001AB270 /* Products */;
			projectDirPath = "";
			projectRoot = "";
			targets = (
				36976E842C8C2B71001AB270 /* rtbbamap_sample */,
			);
		};
/* End PBXProject section */

/* Begin PBXResourcesBuildPhase section */
		36976E832C8C2B71001AB270 /* Resources */ = {
			isa = PBXResourcesBuildPhase;
			buildActionMask = 2147483647;
			files = (
				36976EA52C8C615E001AB270 /* Settings.bundle in Resources */,
				36976E922C8C2B73001AB270 /* Assets.xcassets in Resources */,
				36976E952C8C2B73001AB270 /* Base in Resources */,
				36976E902C8C2B71001AB270 /* Base in Resources */,
			);
			runOnlyForDeploymentPostprocessing = 0;
		};
/* End PBXResourcesBuildPhase section */

/* Begin PBXSourcesBuildPhase section */
		36976E812C8C2B71001AB270 /* Sources */ = {
			isa = PBXSourcesBuildPhase;
			buildActionMask = 2147483647;
			files = (
				36976E8D2C8C2B71001AB270 /* ViewController.swift in Sources */,
				36976E892C8C2B71001AB270 /* AppDelegate.swift in Sources */,
				36976E8B2C8C2B71001AB270 /* SceneDelegate.swift in Sources */,
			);
			runOnlyForDeploymentPostprocessing = 0;
		};
/* End PBXSourcesBuildPhase section */

/* Begin PBXVariantGroup section */
		36976E8E2C8C2B71001AB270 /* Main.storyboard */ = {
			isa = PBXVariantGroup;
			children = (
				36976E8F2C8C2B71001AB270 /* Base */,
			);
			name = Main.storyboard;
			sourceTree = "<group>";
		};
		36976E932C8C2B73001AB270 /* LaunchScreen.storyboard */ = {
			isa = PBXVariantGroup;
			children = (
				36976E942C8C2B73001AB270 /* Base */,
			);
			name = LaunchScreen.storyboard;
			sourceTree = "<group>";
		};
/* End PBXVariantGroup section */

/* Begin XCBuildConfiguration section */
		36976E972C8C2B73001AB270 /* Debug */ = {
			isa = XCBuildConfiguration;
			buildSettings = {
				ALWAYS_SEARCH_USER_PATHS = NO;
				ASSETCATALOG_COMPILER_GENERATE_SWIFT_ASSET_SYMBOL_EXTENSIONS = YES;
				CLANG_ANALYZER_NONNULL = YES;
				CLANG_ANALYZER_NUMBER_OBJECT_CONVERSION = YES_AGGRESSIVE;
				CLANG_CXX_LANGUAGE_STANDARD = "gnu++20";
				CLANG_CXX_LIBRARY = "libc++";
				CLANG_ENABLE_MODULES = YES;
				CLANG_ENABLE_OBJC_ARC = YES;
				CLANG_ENABLE_OBJC_WEAK = YES;
				CLANG_WARN_BLOCK_CAPTURE_AUTORELEASING = YES;
				CLANG_WARN_BOOL_CONVERSION = YES;
				CLANG_WARN_COMMA = YES;
				CLANG_WARN_CONSTANT_CONVERSION = YES;
				CLANG_WARN_DEPRECATED_OBJC_IMPLEMENTATIONS = YES;
				CLANG_WARN_DIRECT_OBJC_ISA_USAGE = YES_ERROR;
				CLANG_WARN_DOCUMENTATION_COMMENTS = YES;
				CLANG_WARN_EMPTY_BODY = YES;
				CLANG_WARN_ENUM_CONVERSION = YES;
				CLANG_WARN_INFINITE_RECURSION = YES;
				CLANG_WARN_INT_CONVERSION = YES;
				CLANG_WARN_NON_LITERAL_NULL_CONVERSION = YES;
				CLANG_WARN_OBJC_IMPLICIT_RETAIN_SELF = YES;
				CLANG_WARN_OBJC_LITERAL_CONVERSION = YES;
				CLANG_WARN_OBJC_ROOT_CLASS = YES_ERROR;
				CLANG_WARN_QUOTED_INCLUDE_IN_FRAMEWORK_HEADER = YES;
				CLANG_WARN_RANGE_LOOP_ANALYSIS = YES;
				CLANG_WARN_STRICT_PROTOTYPES = YES;
				CLANG_WARN_SUSPICIOUS_MOVE = YES;
				CLANG_WARN_UNGUARDED_AVAILABILITY = YES_AGGRESSIVE;
				CLANG_WARN_UNREACHABLE_CODE = YES;
				CLANG_WARN__DUPLICATE_METHOD_MATCH = YES;
				COPY_PHASE_STRIP = NO;
				DEBUG_INFORMATION_FORMAT = dwarf;
				ENABLE_STRICT_OBJC_MSGSEND = YES;
				ENABLE_TESTABILITY = YES;
				ENABLE_USER_SCRIPT_SANDBOXING = YES;
				GCC_C_LANGUAGE_STANDARD = gnu17;
				GCC_DYNAMIC_NO_PIC = NO;
				GCC_NO_COMMON_BLOCKS = YES;
				GCC_OPTIMIZATION_LEVEL = 0;
				GCC_PREPROCESSOR_DEFINITIONS = (
					"DEBUG=1",
					"$(inherited)",
				);
				GCC_WARN_64_TO_32_BIT_CONVERSION = YES;
				GCC_WARN_ABOUT_RETURN_TYPE = YES_ERROR;
				GCC_WARN_UNDECLARED_SELECTOR = YES;
				GCC_WARN_UNINITIALIZED_AUTOS = YES_AGGRESSIVE;
				GCC_WARN_UNUSED_FUNCTION = YES;
				GCC_WARN_UNUSED_VARIABLE = YES;
				IPHONEOS_DEPLOYMENT_TARGET = 17.5;
				LOCALIZATION_PREFERS_STRING_CATALOGS = YES;
				MTL_ENABLE_DEBUG_INFO = INCLUDE_SOURCE;
				MTL_FAST_MATH = YES;
				ONLY_ACTIVE_ARCH = YES;
				SDKROOT = iphoneos;
				SWIFT_ACTIVE_COMPILATION_CONDITIONS = "DEBUG $(inherited)";
				SWIFT_OPTIMIZATION_LEVEL = "-Onone";
			};
			name = Debug;
		};
		36976E982C8C2B73001AB270 /* Release */ = {
			isa = XCBuildConfiguration;
			buildSettings = {
				ALWAYS_SEARCH_USER_PATHS = NO;
				ASSETCATALOG_COMPILER_GENERATE_SWIFT_ASSET_SYMBOL_EXTENSIONS = YES;
				CLANG_ANALYZER_NONNULL = YES;
				CLANG_ANALYZER_NUMBER_OBJECT_CONVERSION = YES_AGGRESSIVE;
				CLANG_CXX_LANGUAGE_STANDARD = "gnu++20";
				CLANG_CXX_LIBRARY = "libc++";
				CLANG_ENABLE_MODULES = YES;
				CLANG_ENABLE_OBJC_ARC = YES;
				CLANG_ENABLE_OBJC_WEAK = YES;
				CLANG_WARN_BLOCK_CAPTURE_AUTORELEASING = YES;
				CLANG_WARN_BOOL_CONVERSION = YES;
				CLANG_WARN_COMMA = YES;
				CLANG_WARN_CONSTANT_CONVERSION = YES;
				CLANG_WARN_DEPRECATED_OBJC_IMPLEMENTATIONS = YES;
				CLANG_WARN_DIRECT_OBJC_ISA_USAGE = YES_ERROR;
				CLANG_WARN_DOCUMENTATION_COMMENTS = YES;
				CLANG_WARN_EMPTY_BODY = YES;
				CLANG_WARN_ENUM_CONVERSION = YES;
				CLANG_WARN_INFINITE_RECURSION = YES;
				CLANG_WARN_INT_CONVERSION = YES;
				CLANG_WARN_NON_LITERAL_NULL_CONVERSION = YES;
				CLANG_WARN_OBJC_IMPLICIT_RETAIN_SELF = YES;
				CLANG_WARN_OBJC_LITERAL_CONVERSION = YES;
				CLANG_WARN_OBJC_ROOT_CLASS = YES_ERROR;
				CLANG_WARN_QUOTED_INCLUDE_IN_FRAMEWORK_HEADER = YES;
				CLANG_WARN_RANGE_LOOP_ANALYSIS = YES;
				CLANG_WARN_STRICT_PROTOTYPES = YES;
				CLANG_WARN_SUSPICIOUS_MOVE = YES;
				CLANG_WARN_UNGUARDED_AVAILABILITY = YES_AGGRESSIVE;
				CLANG_WARN_UNREACHABLE_CODE = YES;
				CLANG_WARN__DUPLICATE_METHOD_MATCH = YES;
				COPY_PHASE_STRIP = NO;
				DEBUG_INFORMATION_FORMAT = "dwarf-with-dsym";
				ENABLE_NS_ASSERTIONS = NO;
				ENABLE_STRICT_OBJC_MSGSEND = YES;
				ENABLE_USER_SCRIPT_SANDBOXING = YES;
				GCC_C_LANGUAGE_STANDARD = gnu17;
				GCC_NO_COMMON_BLOCKS = YES;
				GCC_WARN_64_TO_32_BIT_CONVERSION = YES;
				GCC_WARN_ABOUT_RETURN_TYPE = YES_ERROR;
				GCC_WARN_UNDECLARED_SELECTOR = YES;
				GCC_WARN_UNINITIALIZED_AUTOS = YES_AGGRESSIVE;
				GCC_WARN_UNUSED_FUNCTION = YES;
				GCC_WARN_UNUSED_VARIABLE = YES;
				IPHONEOS_DEPLOYMENT_TARGET = 17.5;
				LOCALIZATION_PREFERS_STRING_CATALOGS = YES;
				MTL_ENABLE_DEBUG_INFO = NO;
				MTL_FAST_MATH = YES;
				SDKROOT = iphoneos;
				SWIFT_COMPILATION_MODE = wholemodule;
				VALIDATE_PRODUCT = YES;
			};
			name = Release;
		};
		36976E9A2C8C2B73001AB270 /* Debug */ = {
			isa = XCBuildConfiguration;
			buildSettings = {
				ASSETCATALOG_COMPILER_APPICON_NAME = AppIcon;
				ASSETCATALOG_COMPILER_GLOBAL_ACCENT_COLOR_NAME = AccentColor;
				CLANG_CXX_LANGUAGE_STANDARD = "gnu++14";
				CODE_SIGN_STYLE = Automatic;
				CURRENT_PROJECT_VERSION = 1;
				DEVELOPMENT_TEAM = 73TW42T8UJ;
				FRAMEWORK_SEARCH_PATHS = (
					"$(inherited)",
					"$(PROJECT_DIR)/RTABMapApp/Libraries/lib",
					"$(PROJECT_DIR)/RTABMapApp/Carthage/Build/iOS",
				);
				GENERATE_INFOPLIST_FILE = YES;
				INFOPLIST_FILE = rtbbamap_sample/Info.plist;
				INFOPLIST_KEY_NSCameraUsageDescription = "The camera is used for scanning (ideally with LiDAR).";
				INFOPLIST_KEY_NSLocationAlwaysAndWhenInUseUsageDescription = "The GPS is used when GPS option is enabled in Settings->Mapping...";
				INFOPLIST_KEY_UIApplicationSupportsIndirectInputEvents = YES;
				INFOPLIST_KEY_UILaunchStoryboardName = LaunchScreen;
				INFOPLIST_KEY_UIMainStoryboardFile = Main;
				INFOPLIST_KEY_UIRequiredDeviceCapabilities = "armv7 opengles-2 arkit";
				INFOPLIST_KEY_UISupportedInterfaceOrientations_iPad = "UIInterfaceOrientationPortrait UIInterfaceOrientationPortraitUpsideDown UIInterfaceOrientationLandscapeLeft UIInterfaceOrientationLandscapeRight";
				INFOPLIST_KEY_UISupportedInterfaceOrientations_iPhone = "UIInterfaceOrientationPortrait UIInterfaceOrientationLandscapeLeft UIInterfaceOrientationLandscapeRight";
				LD_RUNPATH_SEARCH_PATHS = (
					"$(inherited)",
					"@executable_path/Frameworks",
				);
				LIBRARY_SEARCH_PATHS = (
					"$(inherited)",
					"$(PROJECT_DIR)/RTABMapApp/Libraries/lib",
					"$(PROJECT_DIR)/RTABMapApp/Libraries/share/OpenCV/3rdparty/lib",
				);
				MARKETING_VERSION = 1.0;
				PRODUCT_BUNDLE_IDENTIFIER = "rizal.hilman.comsas.rtbbamap-sample";
				PRODUCT_NAME = "$(TARGET_NAME)";
				SWIFT_EMIT_LOC_STRINGS = YES;
				SWIFT_OBJC_BRIDGING_HEADER = "rtbbamap_sample/$(SWIFT_MODULE_NAME)-Bridging-Header.h";
				SWIFT_VERSION = 5.0;
				SYSTEM_FRAMEWORK_SEARCH_PATHS = "\"$(SRCROOT)/RTABMapApp/Libraries/lib\"";
				SYSTEM_HEADER_SEARCH_PATHS = (
					"\"$(SRCROOT)/RTABMapApp/Libraries/include\"",
					"\"$(SRCROOT)/RTABMapApp/Libraries/include/eigen3\"",
					"\"$(SRCROOT)/RTABMapApp/Libraries/include/pcl-1.11\"",
					"\"$(SRCROOT)/RTABMapApp/Libraries/include/rtabmap-0.21\"",
					"\"$(SRCROOT)/../android/jni/tango-gl/include\"",
					"\"$(SRCROOT)/../android/jni/third-party/include\"",
					"\"$(SRCROOT)/RTABMapApp/Libraries/lib/vtk.framework/Headers\"",
				);
				TARGETED_DEVICE_FAMILY = "1,2";
			};
			name = Debug;
		};
		36976E9B2C8C2B73001AB270 /* Release */ = {
			isa = XCBuildConfiguration;
			buildSettings = {
				ASSETCATALOG_COMPILER_APPICON_NAME = AppIcon;
				ASSETCATALOG_COMPILER_GLOBAL_ACCENT_COLOR_NAME = AccentColor;
				CLANG_CXX_LANGUAGE_STANDARD = "gnu++14";
				CODE_SIGN_STYLE = Automatic;
				CURRENT_PROJECT_VERSION = 1;
				DEVELOPMENT_TEAM = 73TW42T8UJ;
				FRAMEWORK_SEARCH_PATHS = (
					"$(inherited)",
					"$(PROJECT_DIR)/RTABMapApp/Libraries/lib",
					"$(PROJECT_DIR)/RTABMapApp/Carthage/Build/iOS",
				);
				GCC_OPTIMIZATION_LEVEL = 2;
				GENERATE_INFOPLIST_FILE = YES;
				INFOPLIST_FILE = rtbbamap_sample/Info.plist;
				INFOPLIST_KEY_NSCameraUsageDescription = "The camera is used for scanning (ideally with LiDAR).";
				INFOPLIST_KEY_NSLocationAlwaysAndWhenInUseUsageDescription = "The GPS is used when GPS option is enabled in Settings->Mapping...";
				INFOPLIST_KEY_UIApplicationSupportsIndirectInputEvents = YES;
				INFOPLIST_KEY_UILaunchStoryboardName = LaunchScreen;
				INFOPLIST_KEY_UIMainStoryboardFile = Main;
				INFOPLIST_KEY_UIRequiredDeviceCapabilities = "armv7 opengles-2 arkit";
				INFOPLIST_KEY_UISupportedInterfaceOrientations_iPad = "UIInterfaceOrientationPortrait UIInterfaceOrientationPortraitUpsideDown UIInterfaceOrientationLandscapeLeft UIInterfaceOrientationLandscapeRight";
				INFOPLIST_KEY_UISupportedInterfaceOrientations_iPhone = "UIInterfaceOrientationPortrait UIInterfaceOrientationLandscapeLeft UIInterfaceOrientationLandscapeRight";
				LD_RUNPATH_SEARCH_PATHS = (
					"$(inherited)",
					"@executable_path/Frameworks",
				);
				LIBRARY_SEARCH_PATHS = (
					"$(inherited)",
					"$(PROJECT_DIR)/RTABMapApp/Libraries/lib",
					"$(PROJECT_DIR)/RTABMapApp/Libraries/share/OpenCV/3rdparty/lib",
				);
				MARKETING_VERSION = 1.0;
				PRODUCT_BUNDLE_IDENTIFIER = "rizal.hilman.comsas.rtbbamap-sample";
				PRODUCT_NAME = "$(TARGET_NAME)";
				SWIFT_EMIT_LOC_STRINGS = YES;
				SWIFT_OBJC_BRIDGING_HEADER = "rtbbamap_sample/$(SWIFT_MODULE_NAME)-Bridging-Header.h";
				SWIFT_VERSION = 5.0;
				SYSTEM_FRAMEWORK_SEARCH_PATHS = "\"$(SRCROOT)/RTABMapApp/Libraries/lib\"";
				SYSTEM_HEADER_SEARCH_PATHS = (
					"\"$(SRCROOT)/RTABMapApp/Libraries/include\"",
					"\"$(SRCROOT)/RTABMapApp/Libraries/include/eigen3\"",
					"\"$(SRCROOT)/RTABMapApp/Libraries/include/pcl-1.11\"",
					"\"$(SRCROOT)/RTABMapApp/Libraries/include/rtabmap-0.21\"",
					"\"$(SRCROOT)/../android/jni/tango-gl/include\"",
					"\"$(SRCROOT)/../android/jni/third-party/include\"",
					"\"$(SRCROOT)/RTABMapApp/Libraries/lib/vtk.framework/Headers\"",
				);
				TARGETED_DEVICE_FAMILY = "1,2";
			};
			name = Release;
		};
/* End XCBuildConfiguration section */

/* Begin XCConfigurationList section */
		36976E802C8C2B71001AB270 /* Build configuration list for PBXProject "rtbbamap_sample" */ = {
			isa = XCConfigurationList;
			buildConfigurations = (
				36976E972C8C2B73001AB270 /* Debug */,
				36976E982C8C2B73001AB270 /* Release */,
			);
			defaultConfigurationIsVisible = 0;
			defaultConfigurationName = Release;
		};
		36976E992C8C2B73001AB270 /* Build configuration list for PBXNativeTarget "rtbbamap_sample" */ = {
			isa = XCConfigurationList;
			buildConfigurations = (
				36976E9A2C8C2B73001AB270 /* Debug */,
				36976E9B2C8C2B73001AB270 /* Release */,
			);
			defaultConfigurationIsVisible = 0;
			defaultConfigurationName = Release;
		};
/* End XCConfigurationList section */
	};
	rootObject = 36976E7D2C8C2B71001AB270 /* Project object */;
}
